// !$*UTF8*$!
{
	archiveVersion = 1;
	classes = {
	};
	objectVersion = 54;
	objects = {

/* Begin PBXBuildFile section */
		460317521DBDBFA500C9162F /* Assets.xcassets in Resources */ = {isa = PBXBuildFile; fileRef = 460317511DBDBFA500C9162F /* Assets.xcassets */; };
		4603175D1DBDBFC300C9162F /* FFUtility.swift in Sources */ = {isa = PBXBuildFile; fileRef = 4603175C1DBDBFC300C9162F /* FFUtility.swift */; };
		460CC8101DC9A87200EBF626 /* TutorialView.swift in Sources */ = {isa = PBXBuildFile; fileRef = 460CC80F1DC9A87200EBF626 /* TutorialView.swift */; };
		461352AE25160A04001550E6 /* FirebaseDatabase in Frameworks */ = {isa = PBXBuildFile; productRef = 461352AD25160A04001550E6 /* FirebaseDatabase */; };
		46229BAD2FF816D20043E4FD /* FFColor.swift in Sources */ = {isa = PBXBuildFile; fileRef = 46229BAC2FF816D20043E4FD /* FFColor.swift */; };
		46229BAF2FF816D60043E4FD /* FFFont.swift in Sources */ = {isa = PBXBuildFile; fileRef = 46229BAE2FF816D60043E4FD /* FFFont.swift */; };
		46229BB12FF816EE0043E4FD /* GlassStyles.swift in Sources */ = {isa = PBXBuildFile; fileRef = 46229BB02FF816EE0043E4FD /* GlassStyles.swift */; };
		46229BB32FF816F00043E4FD /* ScoreEntry.swift in Sources */ = {isa = PBXBuildFile; fileRef = 46229BB22FF816F00043E4FD /* ScoreEntry.swift */; };
		46229BB52FF816FE0043E4FD /* ToastModifier.swift in Sources */ = {isa = PBXBuildFile; fileRef = 46229BB42FF816FE0043E4FD /* ToastModifier.swift */; };
		46229BB72FF817120043E4FD /* LegacyRealmScore.swift in Sources */ = {isa = PBXBuildFile; fileRef = 46229BB62FF817120043E4FD /* LegacyRealmScore.swift */; };
		46229BBA2FF817180043E4FD /* ScoreStore.swift in Sources */ = {isa = PBXBuildFile; fileRef = 46229BB92FF817180043E4FD /* ScoreStore.swift */; };
		46229BBC2FF817230043E4FD /* RealmMigration.swift in Sources */ = {isa = PBXBuildFile; fileRef = 46229BBB2FF817230043E4FD /* RealmMigration.swift */; };
		46229BBE2FF817300043E4FD /* RankingService.swift in Sources */ = {isa = PBXBuildFile; fileRef = 46229BBD2FF817300043E4FD /* RankingService.swift */; };
		46229BC02FF817480043E4FD /* AdManager.swift in Sources */ = {isa = PBXBuildFile; fileRef = 46229BBF2FF817480043E4FD /* AdManager.swift */; };
		46229BC22FF8174B0043E4FD /* BannerAdView.swift in Sources */ = {isa = PBXBuildFile; fileRef = 46229BC12FF8174B0043E4FD /* BannerAdView.swift */; };
		46229BC52FF8176B0043E4FD /* AppDelegate.swift in Sources */ = {isa = PBXBuildFile; fileRef = 46229BC42FF8176B0043E4FD /* AppDelegate.swift */; };
		46229BC72FF817740043E4FD /* FFMultiplyApp.swift in Sources */ = {isa = PBXBuildFile; fileRef = 46229BC62FF817740043E4FD /* FFMultiplyApp.swift */; };
		46229BC92FF817940043E4FD /* GameViewModel.swift in Sources */ = {isa = PBXBuildFile; fileRef = 46229BC82FF817940043E4FD /* GameViewModel.swift */; };
		46229BCB2FF817D20043E4FD /* GameView.swift in Sources */ = {isa = PBXBuildFile; fileRef = 46229BCA2FF817D20043E4FD /* GameView.swift */; };
		46229BCD2FF817F80043E4FD /* HomeView.swift in Sources */ = {isa = PBXBuildFile; fileRef = 46229BCC2FF817F80043E4FD /* HomeView.swift */; };
		46229BCF2FF8180E0043E4FD /* LocalScoreView.swift in Sources */ = {isa = PBXBuildFile; fileRef = 46229BCE2FF8180E0043E4FD /* LocalScoreView.swift */; };
		46229BD12FF8181E0043E4FD /* OnlineRankingViewModel.swift in Sources */ = {isa = PBXBuildFile; fileRef = 46229BD02FF8181E0043E4FD /* OnlineRankingViewModel.swift */; };
		46229BD32FF8182F0043E4FD /* OnlineRankingView.swift in Sources */ = {isa = PBXBuildFile; fileRef = 46229BD22FF8182F0043E4FD /* OnlineRankingView.swift */; };
		46229BD52FF8183A0043E4FD /* SettingsView.swift in Sources */ = {isa = PBXBuildFile; fileRef = 46229BD42FF8183A0043E4FD /* SettingsView.swift */; };
		46229BDA2FF8196A0043E4FD /* RealmSwift in Frameworks */ = {isa = PBXBuildFile; productRef = 46229BD92FF8196A0043E4FD /* RealmSwift */; };
		46229BDD2FF819A30043E4FD /* GoogleMobileAds in Frameworks */ = {isa = PBXBuildFile; productRef = 46229BDC2FF819A30043E4FD /* GoogleMobileAds */; };
		4697286F1DC6F9AC00B9E5EA /* GoogleService-Info.plist in Resources */ = {isa = PBXBuildFile; fileRef = 4697286E1DC6F9AC00B9E5EA /* GoogleService-Info.plist */; };
		469728801DC7769B00B9E5EA /* ResultView.swift in Sources */ = {isa = PBXBuildFile; fileRef = 4697287F1DC7769B00B9E5EA /* ResultView.swift */; };
		4697288A1DC8395600B9E5EA /* DSEG7ClassicMini-Bold.ttf in Resources */ = {isa = PBXBuildFile; fileRef = 466B5AD71DBDF9C900517B86 /* DSEG7ClassicMini-Bold.ttf */; };
/* End PBXBuildFile section */

/* Begin PBXFileReference section */
		460317471DBDBFA500C9162F /* FFMultiply.app */ = {isa = PBXFileReference; explicitFileType = wrapper.application; includeInIndex = 0; path = FFMultiply.app; sourceTree = BUILT_PRODUCTS_DIR; };
		460317511DBDBFA500C9162F /* Assets.xcassets */ = {isa = PBXFileReference; lastKnownFileType = folder.assetcatalog; path = Assets.xcassets; sourceTree = "<group>"; };
		460317561DBDBFA500C9162F /* Info.plist */ = {isa = PBXFileReference; lastKnownFileType = text.plist.xml; path = Info.plist; sourceTree = "<group>"; };
		4603175C1DBDBFC300C9162F /* FFUtility.swift */ = {isa = PBXFileReference; fileEncoding = 4; lastKnownFileType = sourcecode.swift; path = FFUtility.swift; sourceTree = "<group>"; };
		460CC80F1DC9A87200EBF626 /* TutorialView.swift */ = {isa = PBXFileReference; fileEncoding = 4; lastKnownFileType = sourcecode.swift; name = TutorialView.swift; path = Views/TutorialView.swift; sourceTree = "<group>"; };
		46229BAC2FF816D20043E4FD /* FFColor.swift */ = {isa = PBXFileReference; lastKnownFileType = sourcecode.swift; path = FFColor.swift; sourceTree = "<group>"; };
		46229BAE2FF816D60043E4FD /* FFFont.swift */ = {isa = PBXFileReference; lastKnownFileType = sourcecode.swift; path = FFFont.swift; sourceTree = "<group>"; };
		46229BB02FF816EE0043E4FD /* GlassStyles.swift */ = {isa = PBXFileReference; lastKnownFileType = sourcecode.swift; path = GlassStyles.swift; sourceTree = "<group>"; };
		46229BB22FF816F00043E4FD /* ScoreEntry.swift */ = {isa = PBXFileReference; lastKnownFileType = sourcecode.swift; path = ScoreEntry.swift; sourceTree = "<group>"; };
		46229BB42FF816FE0043E4FD /* ToastModifier.swift */ = {isa = PBXFileReference; lastKnownFileType = sourcecode.swift; path = ToastModifier.swift; sourceTree = "<group>"; };
		46229BB62FF817120043E4FD /* LegacyRealmScore.swift */ = {isa = PBXFileReference; lastKnownFileType = sourcecode.swift; path = LegacyRealmScore.swift; sourceTree = "<group>"; };
		46229BB92FF817180043E4FD /* ScoreStore.swift */ = {isa = PBXFileReference; lastKnownFileType = sourcecode.swift; path = ScoreStore.swift; sourceTree = "<group>"; };
		46229BBB2FF817230043E4FD /* RealmMigration.swift */ = {isa = PBXFileReference; lastKnownFileType = sourcecode.swift; path = RealmMigration.swift; sourceTree = "<group>"; };
		46229BBD2FF817300043E4FD /* RankingService.swift */ = {isa = PBXFileReference; lastKnownFileType = sourcecode.swift; path = RankingService.swift; sourceTree = "<group>"; };
		46229BBF2FF817480043E4FD /* AdManager.swift */ = {isa = PBXFileReference; lastKnownFileType = sourcecode.swift; path = AdManager.swift; sourceTree = "<group>"; };
		46229BC12FF8174B0043E4FD /* BannerAdView.swift */ = {isa = PBXFileReference; lastKnownFileType = sourcecode.swift; path = BannerAdView.swift; sourceTree = "<group>"; };
		46229BC42FF8176B0043E4FD /* AppDelegate.swift */ = {isa = PBXFileReference; lastKnownFileType = sourcecode.swift; path = AppDelegate.swift; sourceTree = "<group>"; };
		46229BC62FF817740043E4FD /* FFMultiplyApp.swift */ = {isa = PBXFileReference; lastKnownFileType = sourcecode.swift; path = FFMultiplyApp.swift; sourceTree = "<group>"; };
		46229BC82FF817940043E4FD /* GameViewModel.swift */ = {isa = PBXFileReference; lastKnownFileType = sourcecode.swift; path = GameViewModel.swift; sourceTree = "<group>"; };
		46229BCA2FF817D20043E4FD /* GameView.swift */ = {isa = PBXFileReference; lastKnownFileType = sourcecode.swift; path = GameView.swift; sourceTree = "<group>"; };
		46229BCC2FF817F80043E4FD /* HomeView.swift */ = {isa = PBXFileReference; lastKnownFileType = sourcecode.swift; path = HomeView.swift; sourceTree = "<group>"; };
		46229BCE2FF8180E0043E4FD /* LocalScoreView.swift */ = {isa = PBXFileReference; lastKnownFileType = sourcecode.swift; path = LocalScoreView.swift; sourceTree = "<group>"; };
		46229BD02FF8181E0043E4FD /* OnlineRankingViewModel.swift */ = {isa = PBXFileReference; lastKnownFileType = sourcecode.swift; path = OnlineRankingViewModel.swift; sourceTree = "<group>"; };
		46229BD22FF8182F0043E4FD /* OnlineRankingView.swift */ = {isa = PBXFileReference; lastKnownFileType = sourcecode.swift; path = OnlineRankingView.swift; sourceTree = "<group>"; };
		46229BD42FF8183A0043E4FD /* SettingsView.swift */ = {isa = PBXFileReference; lastKnownFileType = sourcecode.swift; path = SettingsView.swift; sourceTree = "<group>"; };
		4657DE791DC8952B00F1AF63 /* FFMultiply.entitlements */ = {isa = PBXFileReference; lastKnownFileType = text.plist.entitlements; path = FFMultiply.entitlements; sourceTree = "<group>"; };
		466B5AD71DBDF9C900517B86 /* DSEG7ClassicMini-Bold.ttf */ = {isa = PBXFileReference; lastKnownFileType = file; path = "DSEG7ClassicMini-Bold.ttf"; sourceTree = "<group>"; };
		4697286E1DC6F9AC00B9E5EA /* GoogleService-Info.plist */ = {isa = PBXFileReference; fileEncoding = 4; lastKnownFileType = text.plist.xml; path = "GoogleService-Info.plist"; sourceTree = "<group>"; };
		4697287F1DC7769B00B9E5EA /* ResultView.swift */ = {isa = PBXFileReference; fileEncoding = 4; lastKnownFileType = sourcecode.swift; name = ResultView.swift; path = Views/ResultView.swift; sourceTree = "<group>"; };
/* End PBXFileReference section */

/* Begin PBXFrameworksBuildPhase section */
		460317441DBDBFA500C9162F /* Frameworks */ = {
			isa = PBXFrameworksBuildPhase;
			buildActionMask = 2147483647;
			files = (
				46229BDA2FF8196A0043E4FD /* RealmSwift in Frameworks */,
				46229BDD2FF819A30043E4FD /* GoogleMobileAds in Frameworks */,
				461352AE25160A04001550E6 /* FirebaseDatabase in Frameworks */,
			);
			runOnlyForDeploymentPostprocessing = 0;
		};
/* End PBXFrameworksBuildPhase section */

/* Begin PBXGroup section */
		4603173E1DBDBFA500C9162F = {
			isa = PBXGroup;
			children = (
				460317491DBDBFA500C9162F /* FFMultiply */,
				460317481DBDBFA500C9162F /* Products */,
			);
			sourceTree = "<group>";
		};
		460317481DBDBFA500C9162F /* Products */ = {
			isa = PBXGroup;
			children = (
				460317471DBDBFA500C9162F /* FFMultiply.app */,
			);
			name = Products;
			sourceTree = "<group>";
		};
		460317491DBDBFA500C9162F /* FFMultiply */ = {
			isa = PBXGroup;
			children = (
				4657DE791DC8952B00F1AF63 /* FFMultiply.entitlements */,
				469728751DC7753700B9E5EA /* Views */,
				469728701DC75E6600B9E5EA /* Model */,
				46D6AF791DBF094800BA44C3 /* Assets */,
				46D6AF7B1DBF096F00BA44C3 /* Support File */,
				46D6AF771DBF032E00BA44C3 /* Utility */,
				46229BAB2FF816D20043E4FD /* DesignSystem */,
				46229BB82FF817180043E4FD /* Services */,
				46229BC32FF8176B0043E4FD /* App */,
			);
			path = FFMultiply;
			sourceTree = "<group>";
		};
		46229BAB2FF816D20043E4FD /* DesignSystem */ = {
			isa = PBXGroup;
			children = (
				46229BAC2FF816D20043E4FD /* FFColor.swift */,
				46229BAE2FF816D60043E4FD /* FFFont.swift */,
				46229BB02FF816EE0043E4FD /* GlassStyles.swift */,
			);
			path = DesignSystem;
			sourceTree = "<group>";
		};
		46229BB82FF817180043E4FD /* Services */ = {
			isa = PBXGroup;
			children = (
				46229BB92FF817180043E4FD /* ScoreStore.swift */,
				46229BBB2FF817230043E4FD /* RealmMigration.swift */,
				46229BBD2FF817300043E4FD /* RankingService.swift */,
				46229BBF2FF817480043E4FD /* AdManager.swift */,
				46229BC12FF8174B0043E4FD /* BannerAdView.swift */,
			);
			path = Services;
			sourceTree = "<group>";
		};
		46229BC32FF8176B0043E4FD /* App */ = {
			isa = PBXGroup;
			children = (
				46229BC42FF8176B0043E4FD /* AppDelegate.swift */,
				46229BC62FF817740043E4FD /* FFMultiplyApp.swift */,
			);
			path = App;
			sourceTree = "<group>";
		};
		469728701DC75E6600B9E5EA /* Model */ = {
			isa = PBXGroup;
			children = (
				46229BB22FF816F00043E4FD /* ScoreEntry.swift */,
				46229BB62FF817120043E4FD /* LegacyRealmScore.swift */,
			);
			name = Model;
			sourceTree = "<group>";
		};
		469728751DC7753700B9E5EA /* Views */ = {
			isa = PBXGroup;
			children = (
				4697287F1DC7769B00B9E5EA /* ResultView.swift */,
				460CC80F1DC9A87200EBF626 /* TutorialView.swift */,
				46229BB42FF816FE0043E4FD /* ToastModifier.swift */,
				46229BC82FF817940043E4FD /* GameViewModel.swift */,
				46229BCA2FF817D20043E4FD /* GameView.swift */,
				46229BCC2FF817F80043E4FD /* HomeView.swift */,
				46229BCE2FF8180E0043E4FD /* LocalScoreView.swift */,
				46229BD02FF8181E0043E4FD /* OnlineRankingViewModel.swift */,
				46229BD22FF8182F0043E4FD /* OnlineRankingView.swift */,
				46229BD42FF8183A0043E4FD /* SettingsView.swift */,
			);
			name = Views;
			sourceTree = "<group>";
		};
		46D6AF771DBF032E00BA44C3 /* Utility */ = {
			isa = PBXGroup;
			children = (
				4603175C1DBDBFC300C9162F /* FFUtility.swift */,
			);
			path = Utility;
			sourceTree = "<group>";
		};
		46D6AF791DBF094800BA44C3 /* Assets */ = {
			isa = PBXGroup;
			children = (
				460317511DBDBFA500C9162F /* Assets.xcassets */,
				466B5AD71DBDF9C900517B86 /* DSEG7ClassicMini-Bold.ttf */,
			);
			path = Assets;
			sourceTree = "<group>";
		};
		46D6AF7B1DBF096F00BA44C3 /* Support File */ = {
			isa = PBXGroup;
			children = (
				4697286E1DC6F9AC00B9E5EA /* GoogleService-Info.plist */,
				460317561DBDBFA500C9162F /* Info.plist */,
			);
			path = "Support File";
			sourceTree = "<group>";
		};
/* End PBXGroup section */

/* Begin PBXNativeTarget section */
		460317461DBDBFA500C9162F /* FFMultiply */ = {
			isa = PBXNativeTarget;
			buildConfigurationList = 460317591DBDBFA500C9162F /* Build configuration list for PBXNativeTarget "FFMultiply" */;
			buildPhases = (
				460317431DBDBFA500C9162F /* Sources */,
				460317441DBDBFA500C9162F /* Frameworks */,
				460317451DBDBFA500C9162F /* Resources */,
			);
			buildRules = (
			);
			dependencies = (
			);
			name = FFMultiply;
			packageProductDependencies = (
				461352AD25160A04001550E6 /* FirebaseDatabase */,
				46229BD92FF8196A0043E4FD /* RealmSwift */,
				46229BDC2FF819A30043E4FD /* GoogleMobileAds */,
			);
			productName = FFMultiply;
			productReference = 460317471DBDBFA500C9162F /* FFMultiply.app */;
			productType = "com.apple.product-type.application";
		};
/* End PBXNativeTarget section */

/* Begin PBXProject section */
		4603173F1DBDBFA500C9162F /* Project object */ = {
			isa = PBXProject;
			attributes = {
				LastSwiftUpdateCheck = 0800;
				LastUpgradeCheck = 1200;
				ORGANIZATIONNAME = touyou;
				TargetAttributes = {
					460317461DBDBFA500C9162F = {
						CreatedOnToolsVersion = 8.0;
						DevelopmentTeam = B4S4333JDW;
						LastSwiftMigration = 1100;
						ProvisioningStyle = Automatic;
						SystemCapabilities = {
							com.apple.Keychain = {
								enabled = 1;
							};
						};
					};
				};
			};
			buildConfigurationList = 460317421DBDBFA500C9162F /* Build configuration list for PBXProject "FFMultiply" */;
			compatibilityVersion = "Xcode 3.2";
			developmentRegion = en;
			hasScannedForEncodings = 0;
			knownRegions = (
				en,
				Base,
			);
			mainGroup = 4603173E1DBDBFA500C9162F;
			packageReferences = (
				461352AC25160A04001550E6 /* XCRemoteSwiftPackageReference "firebase-ios-sdk" */,
				46229BD62FF8196A0043E4FD /* XCRemoteSwiftPackageReference "realm-swift" */,
				46229BDB2FF819A30043E4FD /* XCRemoteSwiftPackageReference "swift-package-manager-google-mobile-ads" */,
			);
			productRefGroup = 460317481DBDBFA500C9162F /* Products */;
			projectDirPath = "";
			projectRoot = "";
			targets = (
				460317461DBDBFA500C9162F /* FFMultiply */,
			);
		};
/* End PBXProject section */

/* Begin PBXResourcesBuildPhase section */
		460317451DBDBFA500C9162F /* Resources */ = {
			isa = PBXResourcesBuildPhase;
			buildActionMask = 2147483647;
			files = (
				4697288A1DC8395600B9E5EA /* DSEG7ClassicMini-Bold.ttf in Resources */,
				4697286F1DC6F9AC00B9E5EA /* GoogleService-Info.plist in Resources */,
				460317521DBDBFA500C9162F /* Assets.xcassets in Resources */,
			);
			runOnlyForDeploymentPostprocessing = 0;
		};
/* End PBXResourcesBuildPhase section */

/* Begin PBXSourcesBuildPhase section */
		460317431DBDBFA500C9162F /* Sources */ = {
			isa = PBXSourcesBuildPhase;
			buildActionMask = 2147483647;
			files = (
				46229BB32FF816F00043E4FD /* ScoreEntry.swift in Sources */,
				460CC8101DC9A87200EBF626 /* TutorialView.swift in Sources */,
				46229BCF2FF8180E0043E4FD /* LocalScoreView.swift in Sources */,
				46229BC72FF817740043E4FD /* FFMultiplyApp.swift in Sources */,
				46229BC22FF8174B0043E4FD /* BannerAdView.swift in Sources */,
				46229BCB2FF817D20043E4FD /* GameView.swift in Sources */,
				46229BAD2FF816D20043E4FD /* FFColor.swift in Sources */,
				4603175D1DBDBFC300C9162F /* FFUtility.swift in Sources */,
				46229BC92FF817940043E4FD /* GameViewModel.swift in Sources */,
				46229BCD2FF817F80043E4FD /* HomeView.swift in Sources */,
				46229BD12FF8181E0043E4FD /* OnlineRankingViewModel.swift in Sources */,
				46229BB72FF817120043E4FD /* LegacyRealmScore.swift in Sources */,
				46229BBC2FF817230043E4FD /* RealmMigration.swift in Sources */,
				46229BBE2FF817300043E4FD /* RankingService.swift in Sources */,
				46229BC52FF8176B0043E4FD /* AppDelegate.swift in Sources */,
				46229BD52FF8183A0043E4FD /* SettingsView.swift in Sources */,
				46229BB52FF816FE0043E4FD /* ToastModifier.swift in Sources */,
				46229BBA2FF817180043E4FD /* ScoreStore.swift in Sources */,
				46229BB12FF816EE0043E4FD /* GlassStyles.swift in Sources */,
				46229BAF2FF816D60043E4FD /* FFFont.swift in Sources */,
				469728801DC7769B00B9E5EA /* ResultView.swift in Sources */,
				46229BD32FF8182F0043E4FD /* OnlineRankingView.swift in Sources */,
				46229BC02FF817480043E4FD /* AdManager.swift in Sources */,
			);
			runOnlyForDeploymentPostprocessing = 0;
		};
/* End PBXSourcesBuildPhase section */

/* Begin XCBuildConfiguration section */
		460317571DBDBFA500C9162F /* Debug */ = {
			isa = XCBuildConfiguration;
			buildSettings = {
				ALWAYS_SEARCH_USER_PATHS = NO;
				CLANG_ANALYZER_LOCALIZABILITY_NONLOCALIZED = YES;
				CLANG_ANALYZER_NONNULL = YES;
				CLANG_CXX_LANGUAGE_STANDARD = "gnu++0x";
				CLANG_CXX_LIBRARY = "libc++";
				CLANG_ENABLE_MODULES = YES;
				CLANG_ENABLE_OBJC_ARC = YES;
				CLANG_WARN_BLOCK_CAPTURE_AUTORELEASING = YES;
				CLANG_WARN_BOOL_CONVERSION = YES;
				CLANG_WARN_COMMA = YES;
				CLANG_WARN_CONSTANT_CONVERSION = YES;
				CLANG_WARN_DEPRECATED_OBJC_IMPLEMENTATIONS = YES;
				CLANG_WARN_DIRECT_OBJC_ISA_USAGE = YES_ERROR;
				CLANG_WARN_DOCUMENTATION_COMMENTS = YES;
				CLANG_WARN_EMPTY_BODY = YES;
				CLANG_WARN_ENUM_CONVERSION = YES;
				CLANG_WARN_INFINITE_RECURSION = YES;
				CLANG_WARN_INT_CONVERSION = YES;
				CLANG_WARN_NON_LITERAL_NULL_CONVERSION = YES;
				CLANG_WARN_OBJC_IMPLICIT_RETAIN_SELF = YES;
				CLANG_WARN_OBJC_LITERAL_CONVERSION = YES;
				CLANG_WARN_OBJC_ROOT_CLASS = YES_ERROR;
				CLANG_WARN_QUOTED_INCLUDE_IN_FRAMEWORK_HEADER = YES;
				CLANG_WARN_RANGE_LOOP_ANALYSIS = YES;
				CLANG_WARN_STRICT_PROTOTYPES = YES;
				CLANG_WARN_SUSPICIOUS_MOVE = YES;
				CLANG_WARN_SUSPICIOUS_MOVES = YES;
				CLANG_WARN_UNREACHABLE_CODE = YES;
				CLANG_WARN__DUPLICATE_METHOD_MATCH = YES;
				"CODE_SIGN_IDENTITY[sdk=iphoneos*]" = "iPhone Developer";
				COPY_PHASE_STRIP = NO;
				DEBUG_INFORMATION_FORMAT = dwarf;
				ENABLE_STRICT_OBJC_MSGSEND = YES;
				ENABLE_TESTABILITY = YES;
				GCC_C_LANGUAGE_STANDARD = gnu99;
				GCC_DYNAMIC_NO_PIC = NO;
				GCC_NO_COMMON_BLOCKS = YES;
				GCC_OPTIMIZATION_LEVEL = 0;
				GCC_PREPROCESSOR_DEFINITIONS = (
					"DEBUG=1",
					"$(inherited)",
				);
				GCC_WARN_64_TO_32_BIT_CONVERSION = YES;
				GCC_WARN_ABOUT_RETURN_TYPE = YES_ERROR;
				GCC_WARN_UNDECLARED_SELECTOR = YES;
				GCC_WARN_UNINITIALIZED_AUTOS = YES_AGGRESSIVE;
				GCC_WARN_UNUSED_FUNCTION = YES;
				GCC_WARN_UNUSED_VARIABLE = YES;
				IPHONEOS_DEPLOYMENT_TARGET = 18.0;
				MTL_ENABLE_DEBUG_INFO = YES;
				ONLY_ACTIVE_ARCH = YES;
				OTHER_LDFLAGS = "-ObjC";
				SDKROOT = iphoneos;
				SWIFT_ACTIVE_COMPILATION_CONDITIONS = DEBUG;
				SWIFT_OPTIMIZATION_LEVEL = "-Onone";
			};
			name = Debug;
		};
		460317581DBDBFA500C9162F /* Release */ = {
			isa = XCBuildConfiguration;
			buildSettings = {
				ALWAYS_SEARCH_USER_PATHS = NO;
				CLANG_ANALYZER_LOCALIZABILITY_NONLOCALIZED = YES;
				CLANG_ANALYZER_NONNULL = YES;
				CLANG_CXX_LANGUAGE_STANDARD = "gnu++0x";
				CLANG_CXX_LIBRARY = "libc++";
				CLANG_ENABLE_MODULES = YES;
				CLANG_ENABLE_OBJC_ARC = YES;
				CLANG_WARN_BLOCK_CAPTURE_AUTORELEASING = YES;
				CLANG_WARN_BOOL_CONVERSION = YES;
				CLANG_WARN_COMMA = YES;
				CLANG_WARN_CONSTANT_CONVERSION = YES;
				CLANG_WARN_DEPRECATED_OBJC_IMPLEMENTATIONS = YES;
				CLANG_WARN_DIRECT_OBJC_ISA_USAGE = YES_ERROR;
				CLANG_WARN_DOCUMENTATION_COMMENTS = YES;
				CLANG_WARN_EMPTY_BODY = YES;
				CLANG_WARN_ENUM_CONVERSION = YES;
				CLANG_WARN_INFINITE_RECURSION = YES;
				CLANG_WARN_INT_CONVERSION = YES;
				CLANG_WARN_NON_LITERAL_NULL_CONVERSION = YES;
				CLANG_WARN_OBJC_IMPLICIT_RETAIN_SELF = YES;
				CLANG_WARN_OBJC_LITERAL_CONVERSION = YES;
				CLANG_WARN_OBJC_ROOT_CLASS = YES_ERROR;
				CLANG_WARN_QUOTED_INCLUDE_IN_FRAMEWORK_HEADER = YES;
				CLANG_WARN_RANGE_LOOP_ANALYSIS = YES;
				CLANG_WARN_STRICT_PROTOTYPES = YES;
				CLANG_WARN_SUSPICIOUS_MOVE = YES;
				CLANG_WARN_SUSPICIOUS_MOVES = YES;
				CLANG_WARN_UNREACHABLE_CODE = YES;
				CLANG_WARN__DUPLICATE_METHOD_MATCH = YES;
				"CODE_SIGN_IDENTITY[sdk=iphoneos*]" = "iPhone Developer";
				COPY_PHASE_STRIP = NO;
				DEBUG_INFORMATION_FORMAT = "dwarf-with-dsym";
				ENABLE_NS_ASSERTIONS = NO;
				ENABLE_STRICT_OBJC_MSGSEND = YES;
				GCC_C_LANGUAGE_STANDARD = gnu99;
				GCC_NO_COMMON_BLOCKS = YES;
				GCC_WARN_64_TO_32_BIT_CONVERSION = YES;
				GCC_WARN_ABOUT_RETURN_TYPE = YES_ERROR;
				GCC_WARN_UNDECLARED_SELECTOR = YES;
				GCC_WARN_UNINITIALIZED_AUTOS = YES_AGGRESSIVE;
				GCC_WARN_UNUSED_FUNCTION = YES;
				GCC_WARN_UNUSED_VARIABLE = YES;
				IPHONEOS_DEPLOYMENT_TARGET = 18.0;
				MTL_ENABLE_DEBUG_INFO = NO;
				OTHER_LDFLAGS = "-ObjC";
				SDKROOT = iphoneos;
				SWIFT_COMPILATION_MODE = wholemodule;
				SWIFT_OPTIMIZATION_LEVEL = "-O";
				VALIDATE_PRODUCT = YES;
			};
			name = Release;
		};
		4603175A1DBDBFA500C9162F /* Debug */ = {
			isa = XCBuildConfiguration;
			buildSettings = {
				ALWAYS_EMBED_SWIFT_STANDARD_LIBRARIES = "$(inherited)";
				ASSETCATALOG_COMPILER_APPICON_NAME = AppIcon;
				CODE_SIGN_ENTITLEMENTS = FFMultiply/FFMultiply.entitlements;
				CURRENT_PROJECT_VERSION = 1.1.14.0;
				DEVELOPMENT_TEAM = B4S4333JDW;
				INFOPLIST_FILE = "FFMultiply/Support File/Info.plist";
				IPHONEOS_DEPLOYMENT_TARGET = 18.0;
				LD_RUNPATH_SEARCH_PATHS = (
					"$(inherited)",
					"@executable_path/Frameworks",
				);
				MARKETING_VERSION = 1.1.14;
				PRODUCT_BUNDLE_IDENTIFIER = com.dev.touyou.FFMultiply;
				PRODUCT_NAME = "$(TARGET_NAME)";
				SWIFT_VERSION = 6.0;
			};
			name = Debug;
		};
		4603175B1DBDBFA500C9162F /* Release */ = {
			isa = XCBuildConfiguration;
			buildSettings = {
				ALWAYS_EMBED_SWIFT_STANDARD_LIBRARIES = "$(inherited)";
				ASSETCATALOG_COMPILER_APPICON_NAME = AppIcon;
				CODE_SIGN_ENTITLEMENTS = FFMultiply/FFMultiply.entitlements;
				CURRENT_PROJECT_VERSION = 1.1.14.0;
				DEVELOPMENT_TEAM = B4S4333JDW;
				INFOPLIST_FILE = "FFMultiply/Support File/Info.plist";
				IPHONEOS_DEPLOYMENT_TARGET = 18.0;
				LD_RUNPATH_SEARCH_PATHS = (
					"$(inherited)",
					"@executable_path/Frameworks",
				);
				MARKETING_VERSION = 1.1.14;
				PRODUCT_BUNDLE_IDENTIFIER = com.dev.touyou.FFMultiply;
				PRODUCT_NAME = "$(TARGET_NAME)";
				SWIFT_VERSION = 6.0;
			};
			name = Release;
		};
/* End XCBuildConfiguration section */

/* Begin XCConfigurationList section */
		460317421DBDBFA500C9162F /* Build configuration list for PBXProject "FFMultiply" */ = {
			isa = XCConfigurationList;
			buildConfigurations = (
				460317571DBDBFA500C9162F /* Debug */,
				460317581DBDBFA500C9162F /* Release */,
			);
			defaultConfigurationIsVisible = 0;
			defaultConfigurationName = Release;
		};
		460317591DBDBFA500C9162F /* Build configuration list for PBXNativeTarget "FFMultiply" */ = {
			isa = XCConfigurationList;
			buildConfigurations = (
				4603175A1DBDBFA500C9162F /* Debug */,
				4603175B1DBDBFA500C9162F /* Release */,
			);
			defaultConfigurationIsVisible = 0;
			defaultConfigurationName = Release;
		};
/* End XCConfigurationList section */

/* Begin XCRemoteSwiftPackageReference section */
		461352AC25160A04001550E6 /* XCRemoteSwiftPackageReference "firebase-ios-sdk" */ = {
			isa = XCRemoteSwiftPackageReference;
			repositoryURL = "https://github.com/firebase/firebase-ios-sdk";
			requirement = {
				kind = upToNextMajorVersion;
				minimumVersion = 11.0.0;
			};
		};
		46229BD62FF8196A0043E4FD /* XCRemoteSwiftPackageReference "realm-swift" */ = {
			isa = XCRemoteSwiftPackageReference;
			repositoryURL = "https://github.com/realm/realm-swift";
			requirement = {
				kind = upToNextMajorVersion;
				minimumVersion = 20.0.0;
			};
		};
		46229BDB2FF819A30043E4FD /* XCRemoteSwiftPackageReference "swift-package-manager-google-mobile-ads" */ = {
			isa = XCRemoteSwiftPackageReference;
			repositoryURL = "https://github.com/googleads/swift-package-manager-google-mobile-ads.git";
			requirement = {
				kind = upToNextMajorVersion;
				minimumVersion = 13.6.0;
			};
		};
/* End XCRemoteSwiftPackageReference section */

/* Begin XCSwiftPackageProductDependency section */
		461352AD25160A04001550E6 /* FirebaseDatabase */ = {
			isa = XCSwiftPackageProductDependency;
			package = 461352AC25160A04001550E6 /* XCRemoteSwiftPackageReference "firebase-ios-sdk" */;
			productName = FirebaseDatabase;
		};
		46229BD92FF8196A0043E4FD /* RealmSwift */ = {
			isa = XCSwiftPackageProductDependency;
			package = 46229BD62FF8196A0043E4FD /* XCRemoteSwiftPackageReference "realm-swift" */;
			productName = RealmSwift;
		};
		46229BDC2FF819A30043E4FD /* GoogleMobileAds */ = {
			isa = XCSwiftPackageProductDependency;
			package = 46229BDB2FF819A30043E4FD /* XCRemoteSwiftPackageReference "swift-package-manager-google-mobile-ads" */;
			productName = GoogleMobileAds;
		};
/* End XCSwiftPackageProductDependency section */
	};
	rootObject = 4603173F1DBDBFA500C9162F /* Project object */;
}
